
Microsoft Visual Studio Solution File, Format Version 12.00
Project("{FAE04EC0-301F-11D3-BF4B-00C04F79EFBC}") = "PracticeGrading.API", "PracticeGrading.API\PracticeGrading.API.csproj", "{20CD14BC-01D6-432D-941D-CA8DB860E898}"
EndProject
Project("{FAE04EC0-301F-11D3-BF4B-00C04F79EFBC}") = "PracticeGrading.Data", "PracticeGrading.Data\PracticeGrading.Data.csproj", "{D65EE38C-3A30-4359-BD12-C1BAAC01E5E8}"
EndProject
Project("{2150E333-8FDC-42A3-9474-1A3956D46DE8}") = "Solution Items", "Solution Items", "{9EECBF7D-D6B1-4E27-B01A-4F007E8E6982}"
	ProjectSection(SolutionItems) = preProject
		docker-compose.yml = docker-compose.yml
	EndProjectSection
EndProject
Project("{FAE04EC0-301F-11D3-BF4B-00C04F79EFBC}") = "PracticeGrading.Tests", "PracticeGrading.Tests\PracticeGrading.Tests.csproj", "{AE58B052-4AC8-4A96-A2EC-CCFDEDBF8F1A}"
EndProject
Project("{FAE04EC0-301F-11D3-BF4B-00C04F79EFBC}") = "ScheduleParser", "ScheduleParser\ScheduleParser.csproj", "{0309CCBB-99E8-4656-8F6D-3E0B881439EE}"
EndProject
Global
	GlobalSection(SolutionConfigurationPlatforms) = preSolution
		Debug|Any CPU = Debug|Any CPU
		Release|Any CPU = Release|Any CPU
	EndGlobalSection
	GlobalSection(ProjectConfigurationPlatforms) = postSolution
		{20CD14BC-01D6-432D-941D-CA8DB860E898}.Debug|Any CPU.ActiveCfg = Debug|Any CPU
		{20CD14BC-01D6-432D-941D-CA8DB860E898}.Debug|Any CPU.Build.0 = Debug|Any CPU
		{20CD14BC-01D6-432D-941D-CA8DB860E898}.Release|Any CPU.ActiveCfg = Release|Any CPU
		{20CD14BC-01D6-432D-941D-CA8DB860E898}.Release|Any CPU.Build.0 = Release|Any CPU
		{D65EE38C-3A30-4359-BD12-C1BAAC01E5E8}.Debug|Any CPU.ActiveCfg = Debug|Any CPU
		{D65EE38C-3A30-4359-BD12-C1BAAC01E5E8}.Debug|Any CPU.Build.0 = Debug|Any CPU
		{D65EE38C-3A30-4359-BD12-C1BAAC01E5E8}.Release|Any CPU.ActiveCfg = Release|Any CPU
		{D65EE38C-3A30-4359-BD12-C1BAAC01E5E8}.Release|Any CPU.Build.0 = Release|Any CPU
		{AE58B052-4AC8-4A96-A2EC-CCFDEDBF8F1A}.Debug|Any CPU.ActiveCfg = Debug|Any CPU
		{AE58B052-4AC8-4A96-A2EC-CCFDEDBF8F1A}.Debug|Any CPU.Build.0 = Debug|Any CPU
		{AE58B052-4AC8-4A96-A2EC-CCFDEDBF8F1A}.Release|Any CPU.ActiveCfg = Release|Any CPU
		{AE58B052-4AC8-4A96-A2EC-CCFDEDBF8F1A}.Release|Any CPU.Build.0 = Release|Any CPU
		{0309CCBB-99E8-4656-8F6D-3E0B881439EE}.Debug|Any CPU.ActiveCfg = Debug|Any CPU
		{0309CCBB-99E8-4656-8F6D-3E0B881439EE}.Debug|Any CPU.Build.0 = Debug|Any CPU
		{0309CCBB-99E8-4656-8F6D-3E0B881439EE}.Release|Any CPU.ActiveCfg = Release|Any CPU
		{0309CCBB-99E8-4656-8F6D-3E0B881439EE}.Release|Any CPU.Build.0 = Release|Any CPU
	EndGlobalSection
EndGlobal
